// !$*UTF8*$!
{
	archiveVersion = 1;
	classes = {
	};
	objectVersion = 46;
	objects = {

/* Begin PBXBuildFile section */
		7A1BE1E41C4408FF002130CF /* AboutViewController.swift in Sources */ = {isa = PBXBuildFile; fileRef = 7A1BE1E31C4408FF002130CF /* AboutViewController.swift */; };
		7A2939CA1C3113B700DA508B /* AppDelegate.swift in Sources */ = {isa = PBXBuildFile; fileRef = 7A2939C91C3113B700DA508B /* AppDelegate.swift */; };
		7A2939CC1C3113B700DA508B /* ViewController.swift in Sources */ = {isa = PBXBuildFile; fileRef = 7A2939CB1C3113B700DA508B /* ViewController.swift */; };
		7A2939CF1C3113B700DA508B /* Main.storyboard in Resources */ = {isa = PBXBuildFile; fileRef = 7A2939CD1C3113B700DA508B /* Main.storyboard */; };
		7A2939D11C3113B700DA508B /* Assets.xcassets in Resources */ = {isa = PBXBuildFile; fileRef = 7A2939D01C3113B700DA508B /* Assets.xcassets */; };
		7A2939D41C3113B700DA508B /* LaunchScreen.storyboard in Resources */ = {isa = PBXBuildFile; fileRef = 7A2939D21C3113B700DA508B /* LaunchScreen.storyboard */; };
		7A52A2BA1C3E1F2C009E82CC /* Stop.mp3 in Resources */ = {isa = PBXBuildFile; fileRef = 7A52A2B91C3E1F2C009E82CC /* Stop.mp3 */; };
		7A52A2BC1C3EA55A009E82CC /* SettingViewController.swift in Sources */ = {isa = PBXBuildFile; fileRef = 7A52A2BB1C3EA559009E82CC /* SettingViewController.swift */; };
		7A6E07581C47A2C000115787 /* FirstSegue.swift in Sources */ = {isa = PBXBuildFile; fileRef = 7A6E07571C47A2C000115787 /* FirstSegue.swift */; };
		7AE67FC51C31183900F44475 /* Cycle.swift in Sources */ = {isa = PBXBuildFile; fileRef = 7AE67FC41C31183900F44475 /* Cycle.swift */; };
		7AE67FC71C32D88900F44475 /* Pomodoro.swift in Sources */ = {isa = PBXBuildFile; fileRef = 7AE67FC61C32D88900F44475 /* Pomodoro.swift */; };
/* End PBXBuildFile section */

/* Begin PBXFileReference section */
		7A1BE1E31C4408FF002130CF /* AboutViewController.swift */ = {isa = PBXFileReference; fileEncoding = 4; lastKnownFileType = sourcecode.swift; path = AboutViewController.swift; sourceTree = "<group>"; };
		7A2939C61C3113B700DA508B /* Tatomato.app */ = {isa = PBXFileReference; explicitFileType = wrapper.application; includeInIndex = 0; path = Tatomato.app; sourceTree = BUILT_PRODUCTS_DIR; };
		7A2939C91C3113B700DA508B /* AppDelegate.swift */ = {isa = PBXFileReference; lastKnownFileType = sourcecode.swift; path = AppDelegate.swift; sourceTree = "<group>"; };
		7A2939CB1C3113B700DA508B /* ViewController.swift */ = {isa = PBXFileReference; lastKnownFileType = sourcecode.swift; path = ViewController.swift; sourceTree = "<group>"; };
		7A2939CE1C3113B700DA508B /* Base */ = {isa = PBXFileReference; lastKnownFileType = file.storyboard; name = Base; path = Base.lproj/Main.storyboard; sourceTree = "<group>"; };
		7A2939D01C3113B700DA508B /* Assets.xcassets */ = {isa = PBXFileReference; lastKnownFileType = folder.assetcatalog; path = Assets.xcassets; sourceTree = "<group>"; };
		7A2939D31C3113B700DA508B /* Base */ = {isa = PBXFileReference; lastKnownFileType = file.storyboard; name = Base; path = Base.lproj/LaunchScreen.storyboard; sourceTree = "<group>"; };
		7A2939D51C3113B700DA508B /* Info.plist */ = {isa = PBXFileReference; lastKnownFileType = text.plist.xml; path = Info.plist; sourceTree = "<group>"; };
		7A52A2B91C3E1F2C009E82CC /* Stop.mp3 */ = {isa = PBXFileReference; lastKnownFileType = audio.mp3; path = Stop.mp3; sourceTree = "<group>"; };
		7A52A2BB1C3EA559009E82CC /* SettingViewController.swift */ = {isa = PBXFileReference; fileEncoding = 4; lastKnownFileType = sourcecode.swift; path = SettingViewController.swift; sourceTree = "<group>"; };
		7A6E07571C47A2C000115787 /* FirstSegue.swift */ = {isa = PBXFileReference; fileEncoding = 4; lastKnownFileType = sourcecode.swift; path = FirstSegue.swift; sourceTree = "<group>"; };
		7AE67FC41C31183900F44475 /* Cycle.swift */ = {isa = PBXFileReference; fileEncoding = 4; lastKnownFileType = sourcecode.swift; path = Cycle.swift; sourceTree = "<group>"; };
		7AE67FC61C32D88900F44475 /* Pomodoro.swift */ = {isa = PBXFileReference; fileEncoding = 4; lastKnownFileType = sourcecode.swift; path = Pomodoro.swift; sourceTree = "<group>"; };
/* End PBXFileReference section */

/* Begin PBXFrameworksBuildPhase section */
		7A2939C31C3113B700DA508B /* Frameworks */ = {
			isa = PBXFrameworksBuildPhase;
			buildActionMask = 2147483647;
			files = (
			);
			runOnlyForDeploymentPostprocessing = 0;
		};
/* End PBXFrameworksBuildPhase section */

/* Begin PBXGroup section */
		7A2939BD1C3113B700DA508B = {
			isa = PBXGroup;
			children = (
				7A2939C81C3113B700DA508B /* Tatomato */,
				7A2939C71C3113B700DA508B /* Products */,
				7A52A2B81C3E1F2C009E82CC /* Sound */,
			);
			sourceTree = "<group>";
		};
		7A2939C71C3113B700DA508B /* Products */ = {
			isa = PBXGroup;
			children = (
				7A2939C61C3113B700DA508B /* Tatomato.app */,
			);
			name = Products;
			sourceTree = "<group>";
		};
		7A2939C81C3113B700DA508B /* Tatomato */ = {
			isa = PBXGroup;
			children = (
				7A2939C91C3113B700DA508B /* AppDelegate.swift */,
				7A6E07511C47A04F00115787 /* FocusViewController */,
				7A6E07521C47A16700115787 /* View */,
				7A6E07531C47A18A00115787 /* SettingViewController */,
				7A6E07541C47A19B00115787 /* AboutViewController */,
				7A6E07561C47A20D00115787 /* Transition */,
				7A2939D01C3113B700DA508B /* Assets.xcassets */,
				7A2939D21C3113B700DA508B /* LaunchScreen.storyboard */,
				7A2939D51C3113B700DA508B /* Info.plist */,
			);
			path = Tatomato;
			sourceTree = "<group>";
		};
		7A52A2B81C3E1F2C009E82CC /* Sound */ = {
			isa = PBXGroup;
			children = (
				7A52A2B91C3E1F2C009E82CC /* Stop.mp3 */,
			);
			path = Sound;
			sourceTree = "<group>";
		};
		7A6E07511C47A04F00115787 /* FocusViewController */ = {
			isa = PBXGroup;
			children = (
				7A2939CB1C3113B700DA508B /* ViewController.swift */,
				7AE67FC61C32D88900F44475 /* Pomodoro.swift */,
			);
			name = FocusViewController;
			sourceTree = "<group>";
		};
		7A6E07521C47A16700115787 /* View */ = {
			isa = PBXGroup;
			children = (
				7A2939CD1C3113B700DA508B /* Main.storyboard */,
				7AE67FC41C31183900F44475 /* Cycle.swift */,
			);
			name = View;
			sourceTree = "<group>";
		};
		7A6E07531C47A18A00115787 /* SettingViewController */ = {
			isa = PBXGroup;
			children = (
				7A52A2BB1C3EA559009E82CC /* SettingViewController.swift */,
			);
			name = SettingViewController;
			sourceTree = "<group>";
		};
		7A6E07541C47A19B00115787 /* AboutViewController */ = {
			isa = PBXGroup;
			children = (
				7A1BE1E31C4408FF002130CF /* AboutViewController.swift */,
			);
			name = AboutViewController;
			sourceTree = "<group>";
		};
		7A6E07561C47A20D00115787 /* Transition */ = {
			isa = PBXGroup;
			children = (
				7A6E07571C47A2C000115787 /* FirstSegue.swift */,
			);
			name = Transition;
			sourceTree = "<group>";
		};
/* End PBXGroup section */

/* Begin PBXNativeTarget section */
		7A2939C51C3113B700DA508B /* Tatomato */ = {
			isa = PBXNativeTarget;
			buildConfigurationList = 7A2939D81C3113B700DA508B /* Build configuration list for PBXNativeTarget "Tatomato" */;
			buildPhases = (
				7A2939C21C3113B700DA508B /* Sources */,
				7A2939C31C3113B700DA508B /* Frameworks */,
				7A2939C41C3113B700DA508B /* Resources */,
			);
			buildRules = (
			);
			dependencies = (
			);
			name = Tatomato;
			productName = Tatomato;
			productReference = 7A2939C61C3113B700DA508B /* Tatomato.app */;
			productType = "com.apple.product-type.application";
		};
/* End PBXNativeTarget section */

/* Begin PBXProject section */
		7A2939BE1C3113B700DA508B /* Project object */ = {
			isa = PBXProject;
			attributes = {
				LastSwiftUpdateCheck = 0720;
				LastUpgradeCheck = 0720;
				ORGANIZATIONNAME = "胡雨阳";
				TargetAttributes = {
					7A2939C51C3113B700DA508B = {
						CreatedOnToolsVersion = 7.2;
						DevelopmentTeam = NRWN39BHMN;
					};
				};
			};
			buildConfigurationList = 7A2939C11C3113B700DA508B /* Build configuration list for PBXProject "Tatomato" */;
			compatibilityVersion = "Xcode 3.2";
			developmentRegion = English;
			hasScannedForEncodings = 0;
			knownRegions = (
				en,
				Base,
			);
			mainGroup = 7A2939BD1C3113B700DA508B;
			productRefGroup = 7A2939C71C3113B700DA508B /* Products */;
			projectDirPath = "";
			projectRoot = "";
			targets = (
				7A2939C51C3113B700DA508B /* Tatomato */,
			);
		};
/* End PBXProject section */

/* Begin PBXResourcesBuildPhase section */
		7A2939C41C3113B700DA508B /* Resources */ = {
			isa = PBXResourcesBuildPhase;
			buildActionMask = 2147483647;
			files = (
				7A52A2BA1C3E1F2C009E82CC /* Stop.mp3 in Resources */,
				7A2939D41C3113B700DA508B /* LaunchScreen.storyboard in Resources */,
				7A2939D11C3113B700DA508B /* Assets.xcassets in Resources */,
				7A2939CF1C3113B700DA508B /* Main.storyboard in Resources */,
			);
			runOnlyForDeploymentPostprocessing = 0;
		};
/* End PBXResourcesBuildPhase section */

/* Begin PBXSourcesBuildPhase section */
		7A2939C21C3113B700DA508B /* Sources */ = {
			isa = PBXSourcesBuildPhase;
			buildActionMask = 2147483647;
			files = (
				7A1BE1E41C4408FF002130CF /* AboutViewController.swift in Sources */,
				7A52A2BC1C3EA55A009E82CC /* SettingViewController.swift in Sources */,
				7AE67FC71C32D88900F44475 /* Pomodoro.swift in Sources */,
				7AE67FC51C31183900F44475 /* Cycle.swift in Sources */,
				7A2939CC1C3113B700DA508B /* ViewController.swift in Sources */,
				7A6E07581C47A2C000115787 /* FirstSegue.swift in Sources */,
				7A2939CA1C3113B700DA508B /* AppDelegate.swift in Sources */,
			);
			runOnlyForDeploymentPostprocessing = 0;
		};
/* End PBXSourcesBuildPhase section */

/* Begin PBXVariantGroup section */
		7A2939CD1C3113B700DA508B /* Main.storyboard */ = {
			isa = PBXVariantGroup;
			children = (
				7A2939CE1C3113B700DA508B /* Base */,
			);
			name = Main.storyboard;
			sourceTree = "<group>";
		};
		7A2939D21C3113B700DA508B /* LaunchScreen.storyboard */ = {
			isa = PBXVariantGroup;
			children = (
				7A2939D31C3113B700DA508B /* Base */,
			);
			name = LaunchScreen.storyboard;
			sourceTree = "<group>";
		};
/* End PBXVariantGroup section */

/* Begin XCBuildConfiguration section */
		7A2939D61C3113B700DA508B /* Debug */ = {
			isa = XCBuildConfiguration;
			buildSettings = {
				ALWAYS_SEARCH_USER_PATHS = NO;
				CLANG_CXX_LANGUAGE_STANDARD = "gnu++0x";
				CLANG_CXX_LIBRARY = "libc++";
				CLANG_ENABLE_MODULES = YES;
				CLANG_ENABLE_OBJC_ARC = YES;
				CLANG_WARN_BOOL_CONVERSION = YES;
				CLANG_WARN_CONSTANT_CONVERSION = YES;
				CLANG_WARN_DIRECT_OBJC_ISA_USAGE = YES_ERROR;
				CLANG_WARN_EMPTY_BODY = YES;
				CLANG_WARN_ENUM_CONVERSION = YES;
				CLANG_WARN_INT_CONVERSION = YES;
				CLANG_WARN_OBJC_ROOT_CLASS = YES_ERROR;
				CLANG_WARN_UNREACHABLE_CODE = YES;
				CLANG_WARN__DUPLICATE_METHOD_MATCH = YES;
				"CODE_SIGN_IDENTITY[sdk=iphoneos*]" = "iPhone Developer";
				COPY_PHASE_STRIP = NO;
				DEBUG_INFORMATION_FORMAT = dwarf;
				ENABLE_STRICT_OBJC_MSGSEND = YES;
				ENABLE_TESTABILITY = YES;
				GCC_C_LANGUAGE_STANDARD = gnu99;
				GCC_DYNAMIC_NO_PIC = NO;
				GCC_NO_COMMON_BLOCKS = YES;
				GCC_OPTIMIZATION_LEVEL = 0;
				GCC_PREPROCESSOR_DEFINITIONS = (
					"DEBUG=1",
					"$(inherited)",
				);
				GCC_WARN_64_TO_32_BIT_CONVERSION = YES;
				GCC_WARN_ABOUT_RETURN_TYPE = YES_ERROR;
				GCC_WARN_UNDECLARED_SELECTOR = YES;
				GCC_WARN_UNINITIALIZED_AUTOS = YES_AGGRESSIVE;
				GCC_WARN_UNUSED_FUNCTION = YES;
				GCC_WARN_UNUSED_VARIABLE = YES;
				IPHONEOS_DEPLOYMENT_TARGET = 9.2;
				MTL_ENABLE_DEBUG_INFO = YES;
				ONLY_ACTIVE_ARCH = YES;
				SDKROOT = iphoneos;
				SWIFT_OPTIMIZATION_LEVEL = "-Onone";
			};
			name = Debug;
		};
		7A2939D71C3113B700DA508B /* Release */ = {
			isa = XCBuildConfiguration;
			buildSettings = {
				ALWAYS_SEARCH_USER_PATHS = NO;
				CLANG_CXX_LANGUAGE_STANDARD = "gnu++0x";
				CLANG_CXX_LIBRARY = "libc++";
				CLANG_ENABLE_MODULES = YES;
				CLANG_ENABLE_OBJC_ARC = YES;
				CLANG_WARN_BOOL_CONVERSION = YES;
				CLANG_WARN_CONSTANT_CONVERSION = YES;
				CLANG_WARN_DIRECT_OBJC_ISA_USAGE = YES_ERROR;
				CLANG_WARN_EMPTY_BODY = YES;
				CLANG_WARN_ENUM_CONVERSION = YES;
				CLANG_WARN_INT_CONVERSION = YES;
				CLANG_WARN_OBJC_ROOT_CLASS = YES_ERROR;
				CLANG_WARN_UNREACHABLE_CODE = YES;
				CLANG_WARN__DUPLICATE_METHOD_MATCH = YES;
				"CODE_SIGN_IDENTITY[sdk=iphoneos*]" = "iPhone Developer";
				COPY_PHASE_STRIP = NO;
				DEBUG_INFORMATION_FORMAT = "dwarf-with-dsym";
				ENABLE_NS_ASSERTIONS = NO;
				ENABLE_STRICT_OBJC_MSGSEND = YES;
				GCC_C_LANGUAGE_STANDARD = gnu99;
				GCC_NO_COMMON_BLOCKS = YES;
				GCC_WARN_64_TO_32_BIT_CONVERSION = YES;
				GCC_WARN_ABOUT_RETURN_TYPE = YES_ERROR;
				GCC_WARN_UNDECLARED_SELECTOR = YES;
				GCC_WARN_UNINITIALIZED_AUTOS = YES_AGGRESSIVE;
				GCC_WARN_UNUSED_FUNCTION = YES;
				GCC_WARN_UNUSED_VARIABLE = YES;
				IPHONEOS_DEPLOYMENT_TARGET = 9.2;
				MTL_ENABLE_DEBUG_INFO = NO;
				SDKROOT = iphoneos;
				VALIDATE_PRODUCT = YES;
			};
			name = Release;
		};
		7A2939D91C3113B700DA508B /* Debug */ = {
			isa = XCBuildConfiguration;
			buildSettings = {
				ASSETCATALOG_COMPILER_APPICON_NAME = AppIcon;
				CODE_SIGN_IDENTITY = "iPhone Developer";
				INFOPLIST_FILE = Tatomato/Info.plist;
				LD_RUNPATH_SEARCH_PATHS = "$(inherited) @executable_path/Frameworks";
				PRODUCT_BUNDLE_IDENTIFIER = TAmbition.Tatomato;
				PRODUCT_NAME = "$(TARGET_NAME)";
			};
			name = Debug;
		};
		7A2939DA1C3113B700DA508B /* Release */ = {
			isa = XCBuildConfiguration;
			buildSettings = {
				ASSETCATALOG_COMPILER_APPICON_NAME = AppIcon;
				CODE_SIGN_IDENTITY = "iPhone Developer";
				INFOPLIST_FILE = Tatomato/Info.plist;
				LD_RUNPATH_SEARCH_PATHS = "$(inherited) @executable_path/Frameworks";
				PRODUCT_BUNDLE_IDENTIFIER = TAmbition.Tatomato;
				PRODUCT_NAME = "$(TARGET_NAME)";
			};
			name = Release;
		};
/* End XCBuildConfiguration section */

/* Begin XCConfigurationList section */
		7A2939C11C3113B700DA508B /* Build configuration list for PBXProject "Tatomato" */ = {
			isa = XCConfigurationList;
			buildConfigurations = (
				7A2939D61C3113B700DA508B /* Debug */,
				7A2939D71C3113B700DA508B /* Release */,
			);
			defaultConfigurationIsVisible = 0;
			defaultConfigurationName = Release;
		};
		7A2939D81C3113B700DA508B /* Build configuration list for PBXNativeTarget "Tatomato" */ = {
			isa = XCConfigurationList;
			buildConfigurations = (
				7A2939D91C3113B700DA508B /* Debug */,
				7A2939DA1C3113B700DA508B /* Release */,
			);
			defaultConfigurationIsVisible = 0;
			defaultConfigurationName = Release;
		};
/* End XCConfigurationList section */
	};
	rootObject = 7A2939BE1C3113B700DA508B /* Project object */;
}
